
Microsoft Visual Studio Solution File, Format Version 12.00
# Visual Studio Version 16
VisualStudioVersion = 16.0.31205.134
MinimumVisualStudioVersion = 10.0.40219.1
Project("{9A19103F-16F7-4668-BE54-9A1E7A4F7556}") = "UltimateAPI", "UltimateAPI\UltimateAPI.csproj", "{8105CEB5-67B4-47A2-AB79-ECCD35A6AE95}"
EndProject
Project("{9A19103F-16F7-4668-BE54-9A1E7A4F7556}") = "SignalR_Server", "SignalR_Server\SignalR_Server.csproj", "{1BB5EC5C-FF8F-436A-A33E-BC3EC1DED66F}"
EndProject
Project("{9A19103F-16F7-4668-BE54-9A1E7A4F7556}") = "UltimateDemerbas", "UltimateDemerbas\UltimateDemerbas.csproj", "{965E81EA-6822-43A4-8B92-83547BBD234D}"
EndProject
Project("{2150E333-8FDC-42A3-9474-1A3956D46DE8}") = "Global", "Global", "{26CC3055-E622-4CFC-942C-399B7FB5FDE4}"
EndProject
Project("{9A19103F-16F7-4668-BE54-9A1E7A4F7556}") = "Functions", "Common\Functions.csproj", "{8CCF8F18-F47B-4C15-8687-9C773459F0E0}"
EndProject
Project("{9A19103F-16F7-4668-BE54-9A1E7A4F7556}") = "Ultimate_Repository", "Ultimate_Repository\Ultimate_Repository.csproj", "{03C7344A-F7CB-4F8A-AFE3-D7F2253D890A}"
EndProject
Global
	GlobalSection(SolutionConfigurationPlatforms) = preSolution
		Debug|Any CPU = Debug|Any CPU
		Release|Any CPU = Release|Any CPU
	EndGlobalSection
	GlobalSection(ProjectConfigurationPlatforms) = postSolution
		{8105CEB5-67B4-47A2-AB79-ECCD35A6AE95}.Debug|Any CPU.ActiveCfg = Debug|Any CPU
		{8105CEB5-67B4-47A2-AB79-ECCD35A6AE95}.Debug|Any CPU.Build.0 = Debug|Any CPU
		{8105CEB5-67B4-47A2-AB79-ECCD35A6AE95}.Release|Any CPU.ActiveCfg = Release|Any CPU
		{8105CEB5-67B4-47A2-AB79-ECCD35A6AE95}.Release|Any CPU.Build.0 = Release|Any CPU
		{1BB5EC5C-FF8F-436A-A33E-BC3EC1DED66F}.Debug|Any CPU.ActiveCfg = Debug|Any CPU
		{1BB5EC5C-FF8F-436A-A33E-BC3EC1DED66F}.Debug|Any CPU.Build.0 = Debug|Any CPU
		{1BB5EC5C-FF8F-436A-A33E-BC3EC1DED66F}.Release|Any CPU.ActiveCfg = Release|Any CPU
		{1BB5EC5C-FF8F-436A-A33E-BC3EC1DED66F}.Release|Any CPU.Build.0 = Release|Any CPU
		{965E81EA-6822-43A4-8B92-83547BBD234D}.Debug|Any CPU.ActiveCfg = Debug|Any CPU
		{965E81EA-6822-43A4-8B92-83547BBD234D}.Debug|Any CPU.Build.0 = Debug|Any CPU
		{965E81EA-6822-43A4-8B92-83547BBD234D}.Release|Any CPU.ActiveCfg = Release|Any CPU
		{965E81EA-6822-43A4-8B92-83547BBD234D}.Release|Any CPU.Build.0 = Release|Any CPU
		{8CCF8F18-F47B-4C15-8687-9C773459F0E0}.Debug|Any CPU.ActiveCfg = Debug|Any CPU
		{8CCF8F18-F47B-4C15-8687-9C773459F0E0}.Debug|Any CPU.Build.0 = Debug|Any CPU
		{8CCF8F18-F47B-4C15-8687-9C773459F0E0}.Release|Any CPU.ActiveCfg = Release|Any CPU
		{8CCF8F18-F47B-4C15-8687-9C773459F0E0}.Release|Any CPU.Build.0 = Release|Any CPU
		{03C7344A-F7CB-4F8A-AFE3-D7F2253D890A}.Debug|Any CPU.ActiveCfg = Debug|Any CPU
		{03C7344A-F7CB-4F8A-AFE3-D7F2253D890A}.Debug|Any CPU.Build.0 = Debug|Any CPU
		{03C7344A-F7CB-4F8A-AFE3-D7F2253D890A}.Release|Any CPU.ActiveCfg = Release|Any CPU
		{03C7344A-F7CB-4F8A-AFE3-D7F2253D890A}.Release|Any CPU.Build.0 = Release|Any CPU
	EndGlobalSection
	GlobalSection(SolutionProperties) = preSolution
		HideSolutionNode = FALSE
	EndGlobalSection
	GlobalSection(NestedProjects) = preSolution
		{8CCF8F18-F47B-4C15-8687-9C773459F0E0} = {26CC3055-E622-4CFC-942C-399B7FB5FDE4}
	EndGlobalSection
	GlobalSection(ExtensibilityGlobals) = postSolution
		SolutionGuid = {B7F869C3-5D97-433F-A1CA-47B5CA5CD9A4}
	EndGlobalSection
EndGlobal
